
Microsoft Visual Studio Solution File, Format Version 12.00
# Visual Studio Version 17
VisualStudioVersion = 17.4.33205.214
MinimumVisualStudioVersion = 10.0.40219.1
Project("{9A19103F-16F7-4668-BE54-9A1E7A4F7556}") = "SuiviVaccinationCovid", "SuiviVaccinationCovid\SuiviVaccinationCovid.csproj", "{90F6B315-225E-4572-8ABE-5F8BCC6F3C04}"
EndProject
Global
	GlobalSection(SolutionConfigurationPlatforms) = preSolution
		Debug|Any CPU = Debug|Any CPU
		Release|Any CPU = Release|Any CPU
	EndGlobalSection
	GlobalSection(ProjectConfigurationPlatforms) = postSolution
		{90F6B315-225E-4572-8ABE-5F8BCC6F3C04}.Debug|Any CPU.ActiveCfg = Debug|Any CPU
		{90F6B315-225E-4572-8ABE-5F8BCC6F3C04}.Debug|Any CPU.Build.0 = Debug|Any CPU
		{90F6B315-225E-4572-8ABE-5F8BCC6F3C04}.Release|Any CPU.ActiveCfg = Release|Any CPU
		{90F6B315-225E-4572-8ABE-5F8BCC6F3C04}.Release|Any CPU.Build.0 = Release|Any CPU
	EndGlobalSection
	GlobalSection(SolutionProperties) = preSolution
		HideSolutionNode = FALSE
	EndGlobalSection
	GlobalSection(ExtensibilityGlobals) = postSolution
		SolutionGuid = {F17878E4-6CE1-49BD-904B-BF7F1E1D6664}
	EndGlobalSection
EndGlobal
